
Microsoft Visual Studio Solution File, Format Version 12.00
# Visual Studio Version 16
VisualStudioVersion = 16.0.30711.63
MinimumVisualStudioVersion = 10.0.40219.1
Project("{FAE04EC0-301F-11D3-BF4B-00C04F79EFBC}") = "TetrisGit", "TetrisGit\TetrisGit.csproj", "{407BA0CF-65D5-4790-9F5B-ECBD7940ECE1}"
EndProject
Global
	GlobalSection(SolutionConfigurationPlatforms) = preSolution
		Debug|Any CPU = Debug|Any CPU
		Release|Any CPU = Release|Any CPU
	EndGlobalSection
	GlobalSection(ProjectConfigurationPlatforms) = postSolution
		{407BA0CF-65D5-4790-9F5B-ECBD7940ECE1}.Debug|Any CPU.ActiveCfg = Debug|Any CPU
		{407BA0CF-65D5-4790-9F5B-ECBD7940ECE1}.Debug|Any CPU.Build.0 = Debug|Any CPU
		{407BA0CF-65D5-4790-9F5B-ECBD7940ECE1}.Release|Any CPU.ActiveCfg = Release|Any CPU
		{407BA0CF-65D5-4790-9F5B-ECBD7940ECE1}.Release|Any CPU.Build.0 = Release|Any CPU
	EndGlobalSection
	GlobalSection(SolutionProperties) = preSolution
		HideSolutionNode = FALSE
	EndGlobalSection
	GlobalSection(ExtensibilityGlobals) = postSolution
		SolutionGuid = {41FC1825-B3B2-4B46-9399-6D7DA4F018F7}
	EndGlobalSection
EndGlobal
